
Microsoft Visual Studio Solution File, Format Version 12.00
# Visual Studio 15
VisualStudioVersion = 15.0.28307.1145
MinimumVisualStudioVersion = 10.0.40219.1
Project("{FAE04EC0-301F-11D3-BF4B-00C04F79EFBC}") = "Verón Pablo - Parcial", "Verón Pablo - Parcial\Verón Pablo - Parcial.csproj", "{5FB472C0-011D-4308-8EC0-C334EEAC7AB5}"
EndProject
Global
	GlobalSection(SolutionConfigurationPlatforms) = preSolution
		Debug|Any CPU = Debug|Any CPU
		Release|Any CPU = Release|Any CPU
	EndGlobalSection
	GlobalSection(ProjectConfigurationPlatforms) = postSolution
		{5FB472C0-011D-4308-8EC0-C334EEAC7AB5}.Debug|Any CPU.ActiveCfg = Debug|Any CPU
		{5FB472C0-011D-4308-8EC0-C334EEAC7AB5}.Debug|Any CPU.Build.0 = Debug|Any CPU
		{5FB472C0-011D-4308-8EC0-C334EEAC7AB5}.Release|Any CPU.ActiveCfg = Release|Any CPU
		{5FB472C0-011D-4308-8EC0-C334EEAC7AB5}.Release|Any CPU.Build.0 = Release|Any CPU
	EndGlobalSection
	GlobalSection(SolutionProperties) = preSolution
		HideSolutionNode = FALSE
	EndGlobalSection
	GlobalSection(ExtensibilityGlobals) = postSolution
		SolutionGuid = {915FC6E7-F499-457F-B297-4F8ADBBE6F4E}
	EndGlobalSection
EndGlobal
